{
  "name": "versatiles",
  "version": "1.0.0",
  "lockfileVersion": 3,
  "requires": true,
  "packages": {
    "": {
      "name": "versatiles",
      "version": "1.0.0",
      "license": "Unlicense",
      "bin": {
        "versatiles-server": "versatiles.js"
      },
      "engines": {
        "node": ">= 16"
      }
    }
  }
}
