{
  "name": "versatiles",
  "version": "0.2.0",
  "lockfileVersion": 3,
  "requires": true,
  "packages": {
    "": {
      "name": "versatiles",
      "version": "0.2.0",
      "license": "UNLICENSE",
      "dependencies": {
        "phin": "^3"
      },
      "bin": {
        "versatiles-server": "versatiles.js"
      }
    },
    "node_modules/centra": {
      "version": "2.6.0",
      "resolved": "https://registry.npmjs.org/centra/-/centra-2.6.0.tgz",
      "integrity": "sha512-dgh+YleemrT8u85QL11Z6tYhegAs3MMxsaWAq/oXeAmYJ7VxL3SI9TZtnfaEvNDMAPolj25FXIb3S+HCI4wQaQ=="
    },
    "node_modules/phin": {
      "version": "3.7.0",
      "resolved": "https://registry.npmjs.org/phin/-/phin-3.7.0.tgz",
      "integrity": "sha512-DqnVNrpYhKGBZppNKprD+UJylMeEKOZxHgPB+ZP6mGzf3uA2uox4Ep9tUm+rUc8WLIdHT3HcAE4X8fhwQA9JKg==",
      "dependencies": {
        "centra": "^2.6.0"
      },
      "engines": {
        "node": ">= 8"
      }
    }
  }
}
